
Microsoft Visual Studio Solution File, Format Version 12.00
# Visual Studio Version 17
VisualStudioVersion = 17.14.36603.0 d17.14
MinimumVisualStudioVersion = 10.0.40219.1
Project("{8BC9CEB8-8B4A-11D0-8D11-00A0C91BC942}") = "lab3var7", "lab3var7.vcxproj", "{835E2689-DD17-40ED-A897-66B94437B499}"
EndProject
Global
	GlobalSection(SolutionConfigurationPlatforms) = preSolution
		Debug|x64 = Debug|x64
		Debug|x86 = Debug|x86
		Release|x64 = Release|x64
		Release|x86 = Release|x86
	EndGlobalSection
	GlobalSection(ProjectConfigurationPlatforms) = postSolution
		{835E2689-DD17-40ED-A897-66B94437B499}.Debug|x64.ActiveCfg = Debug|x64
		{835E2689-DD17-40ED-A897-66B94437B499}.Debug|x64.Build.0 = Debug|x64
		{835E2689-DD17-40ED-A897-66B94437B499}.Debug|x86.ActiveCfg = Debug|Win32
		{835E2689-DD17-40ED-A897-66B94437B499}.Debug|x86.Build.0 = Debug|Win32
		{835E2689-DD17-40ED-A897-66B94437B499}.Release|x64.ActiveCfg = Release|x64
		{835E2689-DD17-40ED-A897-66B94437B499}.Release|x64.Build.0 = Release|x64
		{835E2689-DD17-40ED-A897-66B94437B499}.Release|x86.ActiveCfg = Release|Win32
		{835E2689-DD17-40ED-A897-66B94437B499}.Release|x86.Build.0 = Release|Win32
	EndGlobalSection
	GlobalSection(SolutionProperties) = preSolution
		HideSolutionNode = FALSE
	EndGlobalSection
	GlobalSection(ExtensibilityGlobals) = postSolution
		SolutionGuid = {ABE44133-4056-4532-8B0A-80790C4A8BB8}
	EndGlobalSection
EndGlobal
